
Microsoft Visual Studio Solution File, Format Version 12.00
# Visual Studio Version 16
VisualStudioVersion = 16.0.29306.81
MinimumVisualStudioVersion = 10.0.40219.1
Project("{8BC9CEB8-8B4A-11D0-8D11-00A0C91BC942}") = "test_my_know", "test_my_know\test_my_know.vcxproj", "{8EE7ED15-D3BE-40BF-BD93-BADDDD2371C7}"
EndProject
Global
	GlobalSection(SolutionConfigurationPlatforms) = preSolution
		Debug|x64 = Debug|x64
		Debug|x86 = Debug|x86
		Release|x64 = Release|x64
		Release|x86 = Release|x86
	EndGlobalSection
	GlobalSection(ProjectConfigurationPlatforms) = postSolution
		{8EE7ED15-D3BE-40BF-BD93-BADDDD2371C7}.Debug|x64.ActiveCfg = Debug|x64
		{8EE7ED15-D3BE-40BF-BD93-BADDDD2371C7}.Debug|x64.Build.0 = Debug|x64
		{8EE7ED15-D3BE-40BF-BD93-BADDDD2371C7}.Debug|x86.ActiveCfg = Debug|Win32
		{8EE7ED15-D3BE-40BF-BD93-BADDDD2371C7}.Debug|x86.Build.0 = Debug|Win32
		{8EE7ED15-D3BE-40BF-BD93-BADDDD2371C7}.Release|x64.ActiveCfg = Release|x64
		{8EE7ED15-D3BE-40BF-BD93-BADDDD2371C7}.Release|x64.Build.0 = Release|x64
		{8EE7ED15-D3BE-40BF-BD93-BADDDD2371C7}.Release|x86.ActiveCfg = Release|Win32
		{8EE7ED15-D3BE-40BF-BD93-BADDDD2371C7}.Release|x86.Build.0 = Release|Win32
	EndGlobalSection
	GlobalSection(SolutionProperties) = preSolution
		HideSolutionNode = FALSE
	EndGlobalSection
	GlobalSection(ExtensibilityGlobals) = postSolution
		SolutionGuid = {A79F48CD-A0DC-4A0D-ADA8-5FB01A5617CD}
	EndGlobalSection
EndGlobal
